
Microsoft Visual Studio Solution File, Format Version 12.00
# Visual Studio Version 16
VisualStudioVersion = 16.0.31729.503
MinimumVisualStudioVersion = 10.0.40219.1
Project("{FAE04EC0-301F-11D3-BF4B-00C04F79EFBC}") = "GS1_128_Barcodes", "GS1_128_Barcodes\GS1_128_Barcodes.csproj", "{F602CBB2-9A6B-45C5-9348-8FE9EFDE6C3D}"
EndProject
Global
	GlobalSection(SolutionConfigurationPlatforms) = preSolution
		Debug|Any CPU = Debug|Any CPU
		Release|Any CPU = Release|Any CPU
	EndGlobalSection
	GlobalSection(ProjectConfigurationPlatforms) = postSolution
		{F602CBB2-9A6B-45C5-9348-8FE9EFDE6C3D}.Debug|Any CPU.ActiveCfg = Debug|Any CPU
		{F602CBB2-9A6B-45C5-9348-8FE9EFDE6C3D}.Debug|Any CPU.Build.0 = Debug|Any CPU
		{F602CBB2-9A6B-45C5-9348-8FE9EFDE6C3D}.Release|Any CPU.ActiveCfg = Release|Any CPU
		{F602CBB2-9A6B-45C5-9348-8FE9EFDE6C3D}.Release|Any CPU.Build.0 = Release|Any CPU
	EndGlobalSection
	GlobalSection(SolutionProperties) = preSolution
		HideSolutionNode = FALSE
	EndGlobalSection
	GlobalSection(ExtensibilityGlobals) = postSolution
		SolutionGuid = {28705AD2-6C5A-420F-AFF1-9C11B5ABFF15}
	EndGlobalSection
EndGlobal
